
Microsoft Visual Studio Solution File, Format Version 12.00
# Visual Studio Version 16
VisualStudioVersion = 16.0.30611.23
MinimumVisualStudioVersion = 10.0.40219.1
Project("{FAE04EC0-301F-11D3-BF4B-00C04F79EFBC}") = "dotNet5781_00_4307_0719", "dotNet5781_00_4307_0719\dotNet5781_00_4307_0719.csproj", "{B1E83679-80B6-49E2-BB45-C624D02508BE}"
EndProject
Project("{FAE04EC0-301F-11D3-BF4B-00C04F79EFBC}") = "dotNet5781_01_4307_0719", "dotNet5781_01_4307_0719\dotNet5781_01_4307_0719.csproj", "{6FFB7F3D-AE4F-4C96-A28B-0451EE6E56C1}"
EndProject
Project("{FAE04EC0-301F-11D3-BF4B-00C04F79EFBC}") = "dotNet5781_02_4307_0719", "dotNet5781_02_4307_0719\dotNet5781_02_4307_0719.csproj", "{E58FDE5B-4F37-489F-BD0D-F2E23049FA57}"
EndProject
Project("{FAE04EC0-301F-11D3-BF4B-00C04F79EFBC}") = "dotNet5781_03A_4307_0791", "dotNet5781_03A_4307_0791\dotNet5781_03A_4307_0791.csproj", "{39A2B935-8976-4C9D-8713-014C353A0963}"
EndProject
Project("{FAE04EC0-301F-11D3-BF4B-00C04F79EFBC}") = "dotNet5781_03B_4307_0791", "dotNet5781_03B_4307_0791\dotNet5781_03B_4307_0791.csproj", "{41957CA8-2075-43C0-8C4C-85A2E0AA4CEF}"
EndProject
Global
	GlobalSection(SolutionConfigurationPlatforms) = preSolution
		Debug|Any CPU = Debug|Any CPU
		Release|Any CPU = Release|Any CPU
	EndGlobalSection
	GlobalSection(ProjectConfigurationPlatforms) = postSolution
		{B1E83679-80B6-49E2-BB45-C624D02508BE}.Debug|Any CPU.ActiveCfg = Debug|Any CPU
		{B1E83679-80B6-49E2-BB45-C624D02508BE}.Debug|Any CPU.Build.0 = Debug|Any CPU
		{B1E83679-80B6-49E2-BB45-C624D02508BE}.Release|Any CPU.ActiveCfg = Release|Any CPU
		{B1E83679-80B6-49E2-BB45-C624D02508BE}.Release|Any CPU.Build.0 = Release|Any CPU
		{6FFB7F3D-AE4F-4C96-A28B-0451EE6E56C1}.Debug|Any CPU.ActiveCfg = Debug|Any CPU
		{6FFB7F3D-AE4F-4C96-A28B-0451EE6E56C1}.Debug|Any CPU.Build.0 = Debug|Any CPU
		{6FFB7F3D-AE4F-4C96-A28B-0451EE6E56C1}.Release|Any CPU.ActiveCfg = Release|Any CPU
		{6FFB7F3D-AE4F-4C96-A28B-0451EE6E56C1}.Release|Any CPU.Build.0 = Release|Any CPU
		{E58FDE5B-4F37-489F-BD0D-F2E23049FA57}.Debug|Any CPU.ActiveCfg = Debug|Any CPU
		{E58FDE5B-4F37-489F-BD0D-F2E23049FA57}.Debug|Any CPU.Build.0 = Debug|Any CPU
		{E58FDE5B-4F37-489F-BD0D-F2E23049FA57}.Release|Any CPU.ActiveCfg = Release|Any CPU
		{E58FDE5B-4F37-489F-BD0D-F2E23049FA57}.Release|Any CPU.Build.0 = Release|Any CPU
		{39A2B935-8976-4C9D-8713-014C353A0963}.Debug|Any CPU.ActiveCfg = Debug|Any CPU
		{39A2B935-8976-4C9D-8713-014C353A0963}.Debug|Any CPU.Build.0 = Debug|Any CPU
		{39A2B935-8976-4C9D-8713-014C353A0963}.Release|Any CPU.ActiveCfg = Release|Any CPU
		{39A2B935-8976-4C9D-8713-014C353A0963}.Release|Any CPU.Build.0 = Release|Any CPU
		{41957CA8-2075-43C0-8C4C-85A2E0AA4CEF}.Debug|Any CPU.ActiveCfg = Debug|Any CPU
		{41957CA8-2075-43C0-8C4C-85A2E0AA4CEF}.Debug|Any CPU.Build.0 = Debug|Any CPU
		{41957CA8-2075-43C0-8C4C-85A2E0AA4CEF}.Release|Any CPU.ActiveCfg = Release|Any CPU
		{41957CA8-2075-43C0-8C4C-85A2E0AA4CEF}.Release|Any CPU.Build.0 = Release|Any CPU
	EndGlobalSection
	GlobalSection(SolutionProperties) = preSolution
		HideSolutionNode = FALSE
	EndGlobalSection
	GlobalSection(ExtensibilityGlobals) = postSolution
		SolutionGuid = {22E0AD4E-0DCC-4E44-B2D4-2D505A7F1A10}
	EndGlobalSection
EndGlobal
